
Microsoft Visual Studio Solution File, Format Version 12.00
Project("{FAE04EC0-301F-11D3-BF4B-00C04F79EFBC}") = "BTVN3", "BTVN3\BTVN3.csproj", "{F68E6E29-0B34-4903-87E3-E23D99CC328E}"
EndProject
Global
	GlobalSection(SolutionConfigurationPlatforms) = preSolution
		Debug|Any CPU = Debug|Any CPU
		Release|Any CPU = Release|Any CPU
	EndGlobalSection
	GlobalSection(ProjectConfigurationPlatforms) = postSolution
		{F68E6E29-0B34-4903-87E3-E23D99CC328E}.Debug|Any CPU.ActiveCfg = Debug|Any CPU
		{F68E6E29-0B34-4903-87E3-E23D99CC328E}.Debug|Any CPU.Build.0 = Debug|Any CPU
		{F68E6E29-0B34-4903-87E3-E23D99CC328E}.Release|Any CPU.ActiveCfg = Release|Any CPU
		{F68E6E29-0B34-4903-87E3-E23D99CC328E}.Release|Any CPU.Build.0 = Release|Any CPU
	EndGlobalSection
EndGlobal
